
Microsoft Visual Studio Solution File, Format Version 12.00
# Visual Studio Version 16
VisualStudioVersion = 16.0.32802.440
MinimumVisualStudioVersion = 10.0.40219.1
Project("{FAE04EC0-301F-11D3-BF4B-00C04F79EFBC}") = "BookListMVC", "BookListMVC\BookListMVC.csproj", "{F229B902-56A8-4A11-B39D-85F9CA8E93D9}"
EndProject
Global
	GlobalSection(SolutionConfigurationPlatforms) = preSolution
		Debug|Any CPU = Debug|Any CPU
		Release|Any CPU = Release|Any CPU
	EndGlobalSection
	GlobalSection(ProjectConfigurationPlatforms) = postSolution
		{F229B902-56A8-4A11-B39D-85F9CA8E93D9}.Debug|Any CPU.ActiveCfg = Debug|Any CPU
		{F229B902-56A8-4A11-B39D-85F9CA8E93D9}.Debug|Any CPU.Build.0 = Debug|Any CPU
		{F229B902-56A8-4A11-B39D-85F9CA8E93D9}.Release|Any CPU.ActiveCfg = Release|Any CPU
		{F229B902-56A8-4A11-B39D-85F9CA8E93D9}.Release|Any CPU.Build.0 = Release|Any CPU
	EndGlobalSection
	GlobalSection(SolutionProperties) = preSolution
		HideSolutionNode = FALSE
	EndGlobalSection
	GlobalSection(ExtensibilityGlobals) = postSolution
		SolutionGuid = {C002ACF5-9EA3-436F-AEA9-6A282A75048D}
	EndGlobalSection
EndGlobal
